{"argv":["E:\\second\\tools\\schedule_supplement_initialization_v3.py","--workers","2"],"change_scope":"Submit one existing <=100-request segment at a time, read progress only after unit returns; parent caches diagnostic counts. Scientific simulation, ticket indexing, envelopes and validation unchanged","frozen_worker_context_sha256":"3a50376d9b645affcb4fee4a10c7cf28f04b13ad52be50f212f1b3acaa7354a5","pid":22924,"scheduler_sha256":"a05e83f2d60e270a38786c3b71bea387c6bd54e3b6ccbcfb9891eddfdb9e212c","scientific_worker":"Unmodified tools.run_supplement_initialization.execute_record; v1 context and all saved chunks retained"}
